
Microsoft Visual Studio Solution File, Format Version 12.00
# Visual Studio Version 16
VisualStudioVersion = 16.0.32630.194
MinimumVisualStudioVersion = 10.0.40219.1
Project("{FAE04EC0-301F-11D3-BF4B-00C04F79EFBC}") = "Core.EasyBusinessPay", "Core.EasyBusinessPay\Core.EasyBusinessPay.csproj", "{91EC7C21-B768-4FB9-8764-67F7EBA577D0}"
EndProject
Global
	GlobalSection(SolutionConfigurationPlatforms) = preSolution
		Debug|Any CPU = Debug|Any CPU
		Release|Any CPU = Release|Any CPU
	EndGlobalSection
	GlobalSection(ProjectConfigurationPlatforms) = postSolution
		{91EC7C21-B768-4FB9-8764-67F7EBA577D0}.Debug|Any CPU.ActiveCfg = Debug|Any CPU
		{91EC7C21-B768-4FB9-8764-67F7EBA577D0}.Debug|Any CPU.Build.0 = Debug|Any CPU
		{91EC7C21-B768-4FB9-8764-67F7EBA577D0}.Release|Any CPU.ActiveCfg = Release|Any CPU
		{91EC7C21-B768-4FB9-8764-67F7EBA577D0}.Release|Any CPU.Build.0 = Release|Any CPU
	EndGlobalSection
	GlobalSection(SolutionProperties) = preSolution
		HideSolutionNode = FALSE
	EndGlobalSection
	GlobalSection(ExtensibilityGlobals) = postSolution
		SolutionGuid = {17455F5D-D885-45F6-8FC5-9F3B7B00ADA9}
	EndGlobalSection
EndGlobal
